
Microsoft Visual Studio Solution File, Format Version 12.00
# Visual Studio Version 16
VisualStudioVersion = 16.0.31321.278
MinimumVisualStudioVersion = 10.0.40219.1
Project("{9A19103F-16F7-4668-BE54-9A1E7A4F7556}") = "messanger.Server", "Server\messanger.Server.csproj", "{61376DA2-DF41-44A1-AF81-C01FB1234CF0}"
EndProject
Project("{9A19103F-16F7-4668-BE54-9A1E7A4F7556}") = "messanger.Client", "Client\messanger.Client.csproj", "{93398D19-27EB-489D-A524-EB7021AF6202}"
EndProject
Project("{9A19103F-16F7-4668-BE54-9A1E7A4F7556}") = "messanger.Shared", "Shared\messanger.Shared.csproj", "{A2B97D09-4C1E-4A3D-91C5-3B442D27256E}"
EndProject
Global
	GlobalSection(SolutionConfigurationPlatforms) = preSolution
		Debug|Any CPU = Debug|Any CPU
		Release|Any CPU = Release|Any CPU
	EndGlobalSection
	GlobalSection(ProjectConfigurationPlatforms) = postSolution
		{61376DA2-DF41-44A1-AF81-C01FB1234CF0}.Debug|Any CPU.ActiveCfg = Debug|Any CPU
		{61376DA2-DF41-44A1-AF81-C01FB1234CF0}.Debug|Any CPU.Build.0 = Debug|Any CPU
		{61376DA2-DF41-44A1-AF81-C01FB1234CF0}.Release|Any CPU.ActiveCfg = Release|Any CPU
		{61376DA2-DF41-44A1-AF81-C01FB1234CF0}.Release|Any CPU.Build.0 = Release|Any CPU
		{93398D19-27EB-489D-A524-EB7021AF6202}.Debug|Any CPU.ActiveCfg = Debug|Any CPU
		{93398D19-27EB-489D-A524-EB7021AF6202}.Debug|Any CPU.Build.0 = Debug|Any CPU
		{93398D19-27EB-489D-A524-EB7021AF6202}.Release|Any CPU.ActiveCfg = Release|Any CPU
		{93398D19-27EB-489D-A524-EB7021AF6202}.Release|Any CPU.Build.0 = Release|Any CPU
		{A2B97D09-4C1E-4A3D-91C5-3B442D27256E}.Debug|Any CPU.ActiveCfg = Debug|Any CPU
		{A2B97D09-4C1E-4A3D-91C5-3B442D27256E}.Debug|Any CPU.Build.0 = Debug|Any CPU
		{A2B97D09-4C1E-4A3D-91C5-3B442D27256E}.Release|Any CPU.ActiveCfg = Release|Any CPU
		{A2B97D09-4C1E-4A3D-91C5-3B442D27256E}.Release|Any CPU.Build.0 = Release|Any CPU
	EndGlobalSection
	GlobalSection(SolutionProperties) = preSolution
		HideSolutionNode = FALSE
	EndGlobalSection
	GlobalSection(ExtensibilityGlobals) = postSolution
		SolutionGuid = {F4F86957-4720-45E2-82CF-8339317F0DEC}
	EndGlobalSection
EndGlobal
